
Microsoft Visual Studio Solution File, Format Version 12.00
# Visual Studio Version 17
VisualStudioVersion = 17.2.32519.379
MinimumVisualStudioVersion = 10.0.40219.1
Project("{FAE04EC0-301F-11D3-BF4B-00C04F79EFBC}") = "BlogWebApp", "BlogWebApp\BlogWebApp.csproj", "{0DF9CB16-DDAF-4FAB-9E67-585E80145EED}"
EndProject
Project("{FAE04EC0-301F-11D3-BF4B-00C04F79EFBC}") = "BlogWebApi", "BlogWebApi\BlogWebApi.csproj", "{BDDC8971-A682-48DD-8681-781EE8EAFF45}"
EndProject
Project("{FAE04EC0-301F-11D3-BF4B-00C04F79EFBC}") = "BussinessModel", "BussinessModel\BussinessModel.csproj", "{E7BDDC33-DAFD-41CC-9411-0E5D449E7D8C}"
EndProject
Project("{FAE04EC0-301F-11D3-BF4B-00C04F79EFBC}") = "DataAccess", "DataAccess\DataAccess.csproj", "{65802CC6-EDF3-4940-A82B-E87E40609AFC}"
EndProject
Global
	GlobalSection(SolutionConfigurationPlatforms) = preSolution
		Debug|Any CPU = Debug|Any CPU
		Release|Any CPU = Release|Any CPU
	EndGlobalSection
	GlobalSection(ProjectConfigurationPlatforms) = postSolution
		{0DF9CB16-DDAF-4FAB-9E67-585E80145EED}.Debug|Any CPU.ActiveCfg = Debug|Any CPU
		{0DF9CB16-DDAF-4FAB-9E67-585E80145EED}.Debug|Any CPU.Build.0 = Debug|Any CPU
		{0DF9CB16-DDAF-4FAB-9E67-585E80145EED}.Release|Any CPU.ActiveCfg = Release|Any CPU
		{0DF9CB16-DDAF-4FAB-9E67-585E80145EED}.Release|Any CPU.Build.0 = Release|Any CPU
		{BDDC8971-A682-48DD-8681-781EE8EAFF45}.Debug|Any CPU.ActiveCfg = Debug|Any CPU
		{BDDC8971-A682-48DD-8681-781EE8EAFF45}.Debug|Any CPU.Build.0 = Debug|Any CPU
		{BDDC8971-A682-48DD-8681-781EE8EAFF45}.Release|Any CPU.ActiveCfg = Release|Any CPU
		{BDDC8971-A682-48DD-8681-781EE8EAFF45}.Release|Any CPU.Build.0 = Release|Any CPU
		{E7BDDC33-DAFD-41CC-9411-0E5D449E7D8C}.Debug|Any CPU.ActiveCfg = Debug|Any CPU
		{E7BDDC33-DAFD-41CC-9411-0E5D449E7D8C}.Debug|Any CPU.Build.0 = Debug|Any CPU
		{E7BDDC33-DAFD-41CC-9411-0E5D449E7D8C}.Release|Any CPU.ActiveCfg = Release|Any CPU
		{E7BDDC33-DAFD-41CC-9411-0E5D449E7D8C}.Release|Any CPU.Build.0 = Release|Any CPU
		{65802CC6-EDF3-4940-A82B-E87E40609AFC}.Debug|Any CPU.ActiveCfg = Debug|Any CPU
		{65802CC6-EDF3-4940-A82B-E87E40609AFC}.Debug|Any CPU.Build.0 = Debug|Any CPU
		{65802CC6-EDF3-4940-A82B-E87E40609AFC}.Release|Any CPU.ActiveCfg = Release|Any CPU
		{65802CC6-EDF3-4940-A82B-E87E40609AFC}.Release|Any CPU.Build.0 = Release|Any CPU
	EndGlobalSection
	GlobalSection(SolutionProperties) = preSolution
		HideSolutionNode = FALSE
	EndGlobalSection
	GlobalSection(ExtensibilityGlobals) = postSolution
		SolutionGuid = {8F0285CD-4BDB-4ACE-AFAC-686B846F7441}
	EndGlobalSection
EndGlobal
